// !$*UTF8*$!
{
	archiveVersion = 1;
	classes = {
	};
	objectVersion = 56;
	objects = {

/* Begin PBXBuildFile section */
		8B09519A2C8F665500960603 /* AppStoreResearcherApp.swift in Sources */ = {isa = PBXBuildFile; fileRef = 8B0951992C8F665500960603 /* AppStoreResearcherApp.swift */; };
		8B09519C2C8F665500960603 /* ContentView.swift in Sources */ = {isa = PBXBuildFile; fileRef = 8B09519B2C8F665500960603 /* ContentView.swift */; };
		8B09519E2C8F665700960603 /* Assets.xcassets in Resources */ = {isa = PBXBuildFile; fileRef = 8B09519D2C8F665700960603 /* Assets.xcassets */; };
		8B0951A12C8F665700960603 /* Preview Assets.xcassets in Resources */ = {isa = PBXBuildFile; fileRef = 8B0951A02C8F665700960603 /* Preview Assets.xcassets */; };
		8B0951A32C8F665700960603 /* Persistence.swift in Sources */ = {isa = PBXBuildFile; fileRef = 8B0951A22C8F665700960603 /* Persistence.swift */; };
		8B0951A62C8F665700960603 /* AppStoreResearcher.xcdatamodeld in Sources */ = {isa = PBXBuildFile; fileRef = 8B0951A42C8F665700960603 /* AppStoreResearcher.xcdatamodeld */; };
		8B0951B12C8F665700960603 /* AppStoreResearcherTests.swift in Sources */ = {isa = PBXBuildFile; fileRef = 8B0951B02C8F665700960603 /* AppStoreResearcherTests.swift */; };
		8B0951BB2C8F665700960603 /* AppStoreResearcherUITests.swift in Sources */ = {isa = PBXBuildFile; fileRef = 8B0951BA2C8F665700960603 /* AppStoreResearcherUITests.swift */; };
		8B0951BD2C8F665700960603 /* AppStoreResearcherUITestsLaunchTests.swift in Sources */ = {isa = PBXBuildFile; fileRef = 8B0951BC2C8F665700960603 /* AppStoreResearcherUITestsLaunchTests.swift */; };
		8B0952192C90C2B900960603 /* Helpers.swift in Sources */ = {isa = PBXBuildFile; fileRef = 8B0952182C90C2B900960603 /* Helpers.swift */; };
		8B09521B2C90C4DF00960603 /* JSONHelpers.swift in Sources */ = {isa = PBXBuildFile; fileRef = 8B09521A2C90C4DF00960603 /* JSONHelpers.swift */; };
		8B09521E2C90C53A00960603 /* String+Error.swift in Sources */ = {isa = PBXBuildFile; fileRef = 8B09521D2C90C53A00960603 /* String+Error.swift */; };
		8B19D3A72C93453A00D6B031 /* ContentMode.swift in Sources */ = {isa = PBXBuildFile; fileRef = 8B19D3A62C93453A00D6B031 /* ContentMode.swift */; };
		8B19D3A92C93461100D6B031 /* View+Styles.swift in Sources */ = {isa = PBXBuildFile; fileRef = 8B19D3A82C93461100D6B031 /* View+Styles.swift */; };
		8B19D3AC2C9347E000D6B031 /* OverviewModeView.swift in Sources */ = {isa = PBXBuildFile; fileRef = 8B19D3AB2C9347E000D6B031 /* OverviewModeView.swift */; };
		8B19D3AE2C9348C400D6B031 /* ScreenshotModeView.swift in Sources */ = {isa = PBXBuildFile; fileRef = 8B19D3AD2C9348C400D6B031 /* ScreenshotModeView.swift */; };
		8B19D3B02C9348CF00D6B031 /* IconModeView.swift in Sources */ = {isa = PBXBuildFile; fileRef = 8B19D3AF2C9348CF00D6B031 /* IconModeView.swift */; };
		8B19D3B22C93490500D6B031 /* NoGroupSelectedView.swift in Sources */ = {isa = PBXBuildFile; fileRef = 8B19D3B12C93490500D6B031 /* NoGroupSelectedView.swift */; };
		8B19D3B42C9349A500D6B031 /* MasterNoteView.swift in Sources */ = {isa = PBXBuildFile; fileRef = 8B19D3B32C9349A500D6B031 /* MasterNoteView.swift */; };
		8B19D3BC2C948C3500D6B031 /* OptionalDateComparator.swift in Sources */ = {isa = PBXBuildFile; fileRef = 8B19D3BB2C948C3500D6B031 /* OptionalDateComparator.swift */; };
		8B19D3BE2C948DFF00D6B031 /* Optional+unwrapOrEmpty.swift in Sources */ = {isa = PBXBuildFile; fileRef = 8B19D3BD2C948DFF00D6B031 /* Optional+unwrapOrEmpty.swift */; };
		8B19D3C32C948FF500D6B031 /* OptionalOrderedSetCountComparator.swift in Sources */ = {isa = PBXBuildFile; fileRef = 8B19D3C22C948FF500D6B031 /* OptionalOrderedSetCountComparator.swift */; };
		8B19D3C52C94A61200D6B031 /* DataManager.swift in Sources */ = {isa = PBXBuildFile; fileRef = 8B19D3C42C94A61200D6B031 /* DataManager.swift */; };
		8BBCE6D22C965335003A532A /* RatingView.swift in Sources */ = {isa = PBXBuildFile; fileRef = 8BBCE6D12C965335003A532A /* RatingView.swift */; };
		8BBCE6D52C9655BE003A532A /* NukeUI in Frameworks */ = {isa = PBXBuildFile; productRef = 8BBCE6D42C9655BE003A532A /* NukeUI */; };
		8BBCE6D92C989171003A532A /* InAppPurchasesModeView.swift in Sources */ = {isa = PBXBuildFile; fileRef = 8BBCE6D82C989171003A532A /* InAppPurchasesModeView.swift */; };
		8BBCE6DB2C989ED5003A532A /* SpotlightPopupView.swift in Sources */ = {isa = PBXBuildFile; fileRef = 8BBCE6DA2C989ED5003A532A /* SpotlightPopupView.swift */; };
		8BBCE6DF2C98B238003A532A /* ModeTableViewWrapper.swift in Sources */ = {isa = PBXBuildFile; fileRef = 8BBCE6DE2C98B238003A532A /* ModeTableViewWrapper.swift */; };
		8BBCE6E22C99D1DB003A532A /* UserSelection.swift in Sources */ = {isa = PBXBuildFile; fileRef = 8BBCE6E12C99D1DB003A532A /* UserSelection.swift */; };
		8BBCE6E52C99D84F003A532A /* NoteMode.swift in Sources */ = {isa = PBXBuildFile; fileRef = 8BBCE6E42C99D84F003A532A /* NoteMode.swift */; };
		8BF3F4912C920C6D00A69692 /* DummyPageRes.swift in Sources */ = {isa = PBXBuildFile; fileRef = 8BF3F4902C920C6D00A69692 /* DummyPageRes.swift */; };
		8BF3F4982C920D7600A69692 /* dummy_page_res-1194023242.json in Resources */ = {isa = PBXBuildFile; fileRef = 8BF3F4922C920D7600A69692 /* dummy_page_res-1194023242.json */; };
		8BF3F4992C920D7600A69692 /* dummy_page_res-1638027598.json in Resources */ = {isa = PBXBuildFile; fileRef = 8BF3F4932C920D7600A69692 /* dummy_page_res-1638027598.json */; };
		8BF3F49A2C920D7600A69692 /* dummy_page_res-1252208166.json in Resources */ = {isa = PBXBuildFile; fileRef = 8BF3F4942C920D7600A69692 /* dummy_page_res-1252208166.json */; };
		8BF3F49B2C920D7600A69692 /* dummy_page_res-1528322796.json in Resources */ = {isa = PBXBuildFile; fileRef = 8BF3F4952C920D7600A69692 /* dummy_page_res-1528322796.json */; };
		8BF3F49C2C920D7600A69692 /* dummy_page_res-1044867788.json in Resources */ = {isa = PBXBuildFile; fileRef = 8BF3F4962C920D7600A69692 /* dummy_page_res-1044867788.json */; };
		8BF3F49D2C920D7600A69692 /* dummy_page_res-6608983404.json in Resources */ = {isa = PBXBuildFile; fileRef = 8BF3F4972C920D7600A69692 /* dummy_page_res-6608983404.json */; };
		8BF3F49F2C920FD400A69692 /* CoreDataHelpers.swift in Sources */ = {isa = PBXBuildFile; fileRef = 8BF3F49E2C920FD400A69692 /* CoreDataHelpers.swift */; };
/* End PBXBuildFile section */

/* Begin PBXContainerItemProxy section */
		8B0951AD2C8F665700960603 /* PBXContainerItemProxy */ = {
			isa = PBXContainerItemProxy;
			containerPortal = 8B09518E2C8F665400960603 /* Project object */;
			proxyType = 1;
			remoteGlobalIDString = 8B0951952C8F665400960603;
			remoteInfo = AppStoreResearcher;
		};
		8B0951B72C8F665700960603 /* PBXContainerItemProxy */ = {
			isa = PBXContainerItemProxy;
			containerPortal = 8B09518E2C8F665400960603 /* Project object */;
			proxyType = 1;
			remoteGlobalIDString = 8B0951952C8F665400960603;
			remoteInfo = AppStoreResearcher;
		};
/* End PBXContainerItemProxy section */

/* Begin PBXFileReference section */
		8B0951962C8F665500960603 /* AppStoreResearcher.app */ = {isa = PBXFileReference; explicitFileType = wrapper.application; includeInIndex = 0; path = AppStoreResearcher.app; sourceTree = BUILT_PRODUCTS_DIR; };
		8B0951992C8F665500960603 /* AppStoreResearcherApp.swift */ = {isa = PBXFileReference; lastKnownFileType = sourcecode.swift; path = AppStoreResearcherApp.swift; sourceTree = "<group>"; };
		8B09519B2C8F665500960603 /* ContentView.swift */ = {isa = PBXFileReference; lastKnownFileType = sourcecode.swift; path = ContentView.swift; sourceTree = "<group>"; };
		8B09519D2C8F665700960603 /* Assets.xcassets */ = {isa = PBXFileReference; lastKnownFileType = folder.assetcatalog; path = Assets.xcassets; sourceTree = "<group>"; };
		8B0951A02C8F665700960603 /* Preview Assets.xcassets */ = {isa = PBXFileReference; lastKnownFileType = folder.assetcatalog; path = "Preview Assets.xcassets"; sourceTree = "<group>"; };
		8B0951A22C8F665700960603 /* Persistence.swift */ = {isa = PBXFileReference; lastKnownFileType = sourcecode.swift; path = Persistence.swift; sourceTree = "<group>"; };
		8B0951A52C8F665700960603 /* AppStoreResearcher.xcdatamodel */ = {isa = PBXFileReference; lastKnownFileType = wrapper.xcdatamodel; path = AppStoreResearcher.xcdatamodel; sourceTree = "<group>"; };
		8B0951A72C8F665700960603 /* AppStoreResearcher.entitlements */ = {isa = PBXFileReference; lastKnownFileType = text.plist.entitlements; path = AppStoreResearcher.entitlements; sourceTree = "<group>"; };
		8B0951AC2C8F665700960603 /* AppStoreResearcherTests.xctest */ = {isa = PBXFileReference; explicitFileType = wrapper.cfbundle; includeInIndex = 0; path = AppStoreResearcherTests.xctest; sourceTree = BUILT_PRODUCTS_DIR; };
		8B0951B02C8F665700960603 /* AppStoreResearcherTests.swift */ = {isa = PBXFileReference; lastKnownFileType = sourcecode.swift; path = AppStoreResearcherTests.swift; sourceTree = "<group>"; };
		8B0951B62C8F665700960603 /* AppStoreResearcherUITests.xctest */ = {isa = PBXFileReference; explicitFileType = wrapper.cfbundle; includeInIndex = 0; path = AppStoreResearcherUITests.xctest; sourceTree = BUILT_PRODUCTS_DIR; };
		8B0951BA2C8F665700960603 /* AppStoreResearcherUITests.swift */ = {isa = PBXFileReference; lastKnownFileType = sourcecode.swift; path = AppStoreResearcherUITests.swift; sourceTree = "<group>"; };
		8B0951BC2C8F665700960603 /* AppStoreResearcherUITestsLaunchTests.swift */ = {isa = PBXFileReference; lastKnownFileType = sourcecode.swift; path = AppStoreResearcherUITestsLaunchTests.swift; sourceTree = "<group>"; };
		8B0952182C90C2B900960603 /* Helpers.swift */ = {isa = PBXFileReference; lastKnownFileType = sourcecode.swift; path = Helpers.swift; sourceTree = "<group>"; };
		8B09521A2C90C4DF00960603 /* JSONHelpers.swift */ = {isa = PBXFileReference; lastKnownFileType = sourcecode.swift; path = JSONHelpers.swift; sourceTree = "<group>"; };
		8B09521D2C90C53A00960603 /* String+Error.swift */ = {isa = PBXFileReference; lastKnownFileType = sourcecode.swift; path = "String+Error.swift"; sourceTree = "<group>"; };
		8B19D3A62C93453A00D6B031 /* ContentMode.swift */ = {isa = PBXFileReference; lastKnownFileType = sourcecode.swift; path = ContentMode.swift; sourceTree = "<group>"; };
		8B19D3A82C93461100D6B031 /* View+Styles.swift */ = {isa = PBXFileReference; lastKnownFileType = sourcecode.swift; path = "View+Styles.swift"; sourceTree = "<group>"; };
		8B19D3AB2C9347E000D6B031 /* OverviewModeView.swift */ = {isa = PBXFileReference; lastKnownFileType = sourcecode.swift; path = OverviewModeView.swift; sourceTree = "<group>"; };
		8B19D3AD2C9348C400D6B031 /* ScreenshotModeView.swift */ = {isa = PBXFileReference; lastKnownFileType = sourcecode.swift; path = ScreenshotModeView.swift; sourceTree = "<group>"; };
		8B19D3AF2C9348CF00D6B031 /* IconModeView.swift */ = {isa = PBXFileReference; lastKnownFileType = sourcecode.swift; path = IconModeView.swift; sourceTree = "<group>"; };
		8B19D3B12C93490500D6B031 /* NoGroupSelectedView.swift */ = {isa = PBXFileReference; lastKnownFileType = sourcecode.swift; path = NoGroupSelectedView.swift; sourceTree = "<group>"; };
		8B19D3B32C9349A500D6B031 /* MasterNoteView.swift */ = {isa = PBXFileReference; lastKnownFileType = sourcecode.swift; path = MasterNoteView.swift; sourceTree = "<group>"; };
		8B19D3BB2C948C3500D6B031 /* OptionalDateComparator.swift */ = {isa = PBXFileReference; lastKnownFileType = sourcecode.swift; path = OptionalDateComparator.swift; sourceTree = "<group>"; };
		8B19D3BD2C948DFF00D6B031 /* Optional+unwrapOrEmpty.swift */ = {isa = PBXFileReference; lastKnownFileType = sourcecode.swift; path = "Optional+unwrapOrEmpty.swift"; sourceTree = "<group>"; };
		8B19D3C22C948FF500D6B031 /* OptionalOrderedSetCountComparator.swift */ = {isa = PBXFileReference; lastKnownFileType = sourcecode.swift; path = OptionalOrderedSetCountComparator.swift; sourceTree = "<group>"; };
		8B19D3C42C94A61200D6B031 /* DataManager.swift */ = {isa = PBXFileReference; lastKnownFileType = sourcecode.swift; path = DataManager.swift; sourceTree = "<group>"; };
		8BBCE6D12C965335003A532A /* RatingView.swift */ = {isa = PBXFileReference; lastKnownFileType = sourcecode.swift; path = RatingView.swift; sourceTree = "<group>"; };
		8BBCE6D82C989171003A532A /* InAppPurchasesModeView.swift */ = {isa = PBXFileReference; lastKnownFileType = sourcecode.swift; path = InAppPurchasesModeView.swift; sourceTree = "<group>"; };
		8BBCE6DA2C989ED5003A532A /* SpotlightPopupView.swift */ = {isa = PBXFileReference; lastKnownFileType = sourcecode.swift; path = SpotlightPopupView.swift; sourceTree = "<group>"; };
		8BBCE6DE2C98B238003A532A /* ModeTableViewWrapper.swift */ = {isa = PBXFileReference; lastKnownFileType = sourcecode.swift; path = ModeTableViewWrapper.swift; sourceTree = "<group>"; };
		8BBCE6E12C99D1DB003A532A /* UserSelection.swift */ = {isa = PBXFileReference; lastKnownFileType = sourcecode.swift; path = UserSelection.swift; sourceTree = "<group>"; };
		8BBCE6E42C99D84F003A532A /* NoteMode.swift */ = {isa = PBXFileReference; lastKnownFileType = sourcecode.swift; path = NoteMode.swift; sourceTree = "<group>"; };
		8BF3F4902C920C6D00A69692 /* DummyPageRes.swift */ = {isa = PBXFileReference; lastKnownFileType = sourcecode.swift; path = DummyPageRes.swift; sourceTree = "<group>"; };
		8BF3F4922C920D7600A69692 /* dummy_page_res-1194023242.json */ = {isa = PBXFileReference; fileEncoding = 4; lastKnownFileType = text.json; path = "dummy_page_res-1194023242.json"; sourceTree = "<group>"; };
		8BF3F4932C920D7600A69692 /* dummy_page_res-1638027598.json */ = {isa = PBXFileReference; fileEncoding = 4; lastKnownFileType = text.json; path = "dummy_page_res-1638027598.json"; sourceTree = "<group>"; };
		8BF3F4942C920D7600A69692 /* dummy_page_res-1252208166.json */ = {isa = PBXFileReference; fileEncoding = 4; lastKnownFileType = text.json; path = "dummy_page_res-1252208166.json"; sourceTree = "<group>"; };
		8BF3F4952C920D7600A69692 /* dummy_page_res-1528322796.json */ = {isa = PBXFileReference; fileEncoding = 4; lastKnownFileType = text.json; path = "dummy_page_res-1528322796.json"; sourceTree = "<group>"; };
		8BF3F4962C920D7600A69692 /* dummy_page_res-1044867788.json */ = {isa = PBXFileReference; fileEncoding = 4; lastKnownFileType = text.json; path = "dummy_page_res-1044867788.json"; sourceTree = "<group>"; };
		8BF3F4972C920D7600A69692 /* dummy_page_res-6608983404.json */ = {isa = PBXFileReference; fileEncoding = 4; lastKnownFileType = text.json; path = "dummy_page_res-6608983404.json"; sourceTree = "<group>"; };
		8BF3F49E2C920FD400A69692 /* CoreDataHelpers.swift */ = {isa = PBXFileReference; lastKnownFileType = sourcecode.swift; path = CoreDataHelpers.swift; sourceTree = "<group>"; };
/* End PBXFileReference section */

/* Begin PBXFrameworksBuildPhase section */
		8B0951932C8F665400960603 /* Frameworks */ = {
			isa = PBXFrameworksBuildPhase;
			buildActionMask = 2147483647;
			files = (
				8BBCE6D52C9655BE003A532A /* NukeUI in Frameworks */,
			);
			runOnlyForDeploymentPostprocessing = 0;
		};
		8B0951A92C8F665700960603 /* Frameworks */ = {
			isa = PBXFrameworksBuildPhase;
			buildActionMask = 2147483647;
			files = (
			);
			runOnlyForDeploymentPostprocessing = 0;
		};
		8B0951B32C8F665700960603 /* Frameworks */ = {
			isa = PBXFrameworksBuildPhase;
			buildActionMask = 2147483647;
			files = (
			);
			runOnlyForDeploymentPostprocessing = 0;
		};
/* End PBXFrameworksBuildPhase section */

/* Begin PBXGroup section */
		8B09518D2C8F665400960603 = {
			isa = PBXGroup;
			children = (
				8B0951982C8F665500960603 /* AppStoreResearcher */,
				8B0951AF2C8F665700960603 /* AppStoreResearcherTests */,
				8B0951B92C8F665700960603 /* AppStoreResearcherUITests */,
				8B0951972C8F665500960603 /* Products */,
			);
			sourceTree = "<group>";
		};
		8B0951972C8F665500960603 /* Products */ = {
			isa = PBXGroup;
			children = (
				8B0951962C8F665500960603 /* AppStoreResearcher.app */,
				8B0951AC2C8F665700960603 /* AppStoreResearcherTests.xctest */,
				8B0951B62C8F665700960603 /* AppStoreResearcherUITests.xctest */,
			);
			name = Products;
			sourceTree = "<group>";
		};
		8B0951982C8F665500960603 /* AppStoreResearcher */ = {
			isa = PBXGroup;
			children = (
				8B0951992C8F665500960603 /* AppStoreResearcherApp.swift */,
				8B09521C2C90C53000960603 /* Extensions */,
				8B0952172C90C2AB00960603 /* Utilities */,
				8B19D3AA2C93468100D6B031 /* Views */,
				8B09519D2C8F665700960603 /* Assets.xcassets */,
				8B0951A72C8F665700960603 /* AppStoreResearcher.entitlements */,
				8B0951C92C8F75D600960603 /* Model */,
				8B09519F2C8F665700960603 /* Preview Content */,
				8B0952092C90991A00960603 /* Dummy */,
			);
			path = AppStoreResearcher;
			sourceTree = "<group>";
		};
		8B09519F2C8F665700960603 /* Preview Content */ = {
			isa = PBXGroup;
			children = (
				8B0951A02C8F665700960603 /* Preview Assets.xcassets */,
			);
			path = "Preview Content";
			sourceTree = "<group>";
		};
		8B0951AF2C8F665700960603 /* AppStoreResearcherTests */ = {
			isa = PBXGroup;
			children = (
				8B0951B02C8F665700960603 /* AppStoreResearcherTests.swift */,
			);
			path = AppStoreResearcherTests;
			sourceTree = "<group>";
		};
		8B0951B92C8F665700960603 /* AppStoreResearcherUITests */ = {
			isa = PBXGroup;
			children = (
				8B0951BA2C8F665700960603 /* AppStoreResearcherUITests.swift */,
				8B0951BC2C8F665700960603 /* AppStoreResearcherUITestsLaunchTests.swift */,
			);
			path = AppStoreResearcherUITests;
			sourceTree = "<group>";
		};
		8B0951C92C8F75D600960603 /* Model */ = {
			isa = PBXGroup;
			children = (
				8B0951CA2C8F75EF00960603 /* CD */,
				8BBCE6E32C99D843003A532A /* Enums */,
				8BBCE6E12C99D1DB003A532A /* UserSelection.swift */,
			);
			path = Model;
			sourceTree = "<group>";
		};
		8B0951CA2C8F75EF00960603 /* CD */ = {
			isa = PBXGroup;
			children = (
				8B19D3C42C94A61200D6B031 /* DataManager.swift */,
				8B0951A22C8F665700960603 /* Persistence.swift */,
				8B0951A42C8F665700960603 /* AppStoreResearcher.xcdatamodeld */,
				8BF3F4902C920C6D00A69692 /* DummyPageRes.swift */,
			);
			path = CD;
			sourceTree = "<group>";
		};
		8B0952092C90991A00960603 /* Dummy */ = {
			isa = PBXGroup;
			children = (
				8BF3F4962C920D7600A69692 /* dummy_page_res-1044867788.json */,
				8BF3F4922C920D7600A69692 /* dummy_page_res-1194023242.json */,
				8BF3F4942C920D7600A69692 /* dummy_page_res-1252208166.json */,
				8BF3F4952C920D7600A69692 /* dummy_page_res-1528322796.json */,
				8BF3F4932C920D7600A69692 /* dummy_page_res-1638027598.json */,
				8BF3F4972C920D7600A69692 /* dummy_page_res-6608983404.json */,
			);
			path = Dummy;
			sourceTree = "<group>";
		};
		8B0952172C90C2AB00960603 /* Utilities */ = {
			isa = PBXGroup;
			children = (
				8B19D3C12C948FDB00D6B031 /* Comparators */,
				8B0952182C90C2B900960603 /* Helpers.swift */,
				8B09521A2C90C4DF00960603 /* JSONHelpers.swift */,
				8BF3F49E2C920FD400A69692 /* CoreDataHelpers.swift */,
			);
			path = Utilities;
			sourceTree = "<group>";
		};
		8B09521C2C90C53000960603 /* Extensions */ = {
			isa = PBXGroup;
			children = (
				8B09521D2C90C53A00960603 /* String+Error.swift */,
				8B19D3A82C93461100D6B031 /* View+Styles.swift */,
				8B19D3BD2C948DFF00D6B031 /* Optional+unwrapOrEmpty.swift */,
			);
			path = Extensions;
			sourceTree = "<group>";
		};
		8B19D3AA2C93468100D6B031 /* Views */ = {
			isa = PBXGroup;
			children = (
				8B09519B2C8F665500960603 /* ContentView.swift */,
				8B19D3B52C9349DA00D6B031 /* Content */,
				8B19D3B62C9349E500D6B031 /* Note */,
				8BBCE6DA2C989ED5003A532A /* SpotlightPopupView.swift */,
			);
			path = Views;
			sourceTree = "<group>";
		};
		8B19D3B52C9349DA00D6B031 /* Content */ = {
			isa = PBXGroup;
			children = (
				8BBCE6DE2C98B238003A532A /* ModeTableViewWrapper.swift */,
				8BBCE6E02C98B290003A532A /* ModeTable Views */,
				8B19D3B12C93490500D6B031 /* NoGroupSelectedView.swift */,
				8BBCE6D12C965335003A532A /* RatingView.swift */,
			);
			path = Content;
			sourceTree = "<group>";
		};
		8B19D3B62C9349E500D6B031 /* Note */ = {
			isa = PBXGroup;
			children = (
				8B19D3B32C9349A500D6B031 /* MasterNoteView.swift */,
			);
			path = Note;
			sourceTree = "<group>";
		};
		8B19D3C12C948FDB00D6B031 /* Comparators */ = {
			isa = PBXGroup;
			children = (
				8B19D3BB2C948C3500D6B031 /* OptionalDateComparator.swift */,
				8B19D3C22C948FF500D6B031 /* OptionalOrderedSetCountComparator.swift */,
			);
			path = Comparators;
			sourceTree = "<group>";
		};
		8BBCE6E02C98B290003A532A /* ModeTable Views */ = {
			isa = PBXGroup;
			children = (
				8B19D3AB2C9347E000D6B031 /* OverviewModeView.swift */,
				8B19D3AD2C9348C400D6B031 /* ScreenshotModeView.swift */,
				8B19D3AF2C9348CF00D6B031 /* IconModeView.swift */,
				8BBCE6D82C989171003A532A /* InAppPurchasesModeView.swift */,
			);
			path = "ModeTable Views";
			sourceTree = "<group>";
		};
		8BBCE6E32C99D843003A532A /* Enums */ = {
			isa = PBXGroup;
			children = (
				8B19D3A62C93453A00D6B031 /* ContentMode.swift */,
				8BBCE6E42C99D84F003A532A /* NoteMode.swift */,
			);
			path = Enums;
			sourceTree = "<group>";
		};
/* End PBXGroup section */

/* Begin PBXNativeTarget section */
		8B0951952C8F665400960603 /* AppStoreResearcher */ = {
			isa = PBXNativeTarget;
			buildConfigurationList = 8B0951C02C8F665700960603 /* Build configuration list for PBXNativeTarget "AppStoreResearcher" */;
			buildPhases = (
				8B0951922C8F665400960603 /* Sources */,
				8B0951932C8F665400960603 /* Frameworks */,
				8B0951942C8F665400960603 /* Resources */,
			);
			buildRules = (
			);
			dependencies = (
			);
			name = AppStoreResearcher;
			packageProductDependencies = (
				8BBCE6D42C9655BE003A532A /* NukeUI */,
			);
			productName = AppStoreResearcher;
			productReference = 8B0951962C8F665500960603 /* AppStoreResearcher.app */;
			productType = "com.apple.product-type.application";
		};
		8B0951AB2C8F665700960603 /* AppStoreResearcherTests */ = {
			isa = PBXNativeTarget;
			buildConfigurationList = 8B0951C32C8F665700960603 /* Build configuration list for PBXNativeTarget "AppStoreResearcherTests" */;
			buildPhases = (
				8B0951A82C8F665700960603 /* Sources */,
				8B0951A92C8F665700960603 /* Frameworks */,
				8B0951AA2C8F665700960603 /* Resources */,
			);
			buildRules = (
			);
			dependencies = (
				8B0951AE2C8F665700960603 /* PBXTargetDependency */,
			);
			name = AppStoreResearcherTests;
			productName = AppStoreResearcherTests;
			productReference = 8B0951AC2C8F665700960603 /* AppStoreResearcherTests.xctest */;
			productType = "com.apple.product-type.bundle.unit-test";
		};
		8B0951B52C8F665700960603 /* AppStoreResearcherUITests */ = {
			isa = PBXNativeTarget;
			buildConfigurationList = 8B0951C62C8F665700960603 /* Build configuration list for PBXNativeTarget "AppStoreResearcherUITests" */;
			buildPhases = (
				8B0951B22C8F665700960603 /* Sources */,
				8B0951B32C8F665700960603 /* Frameworks */,
				8B0951B42C8F665700960603 /* Resources */,
			);
			buildRules = (
			);
			dependencies = (
				8B0951B82C8F665700960603 /* PBXTargetDependency */,
			);
			name = AppStoreResearcherUITests;
			productName = AppStoreResearcherUITests;
			productReference = 8B0951B62C8F665700960603 /* AppStoreResearcherUITests.xctest */;
			productType = "com.apple.product-type.bundle.ui-testing";
		};
/* End PBXNativeTarget section */

/* Begin PBXProject section */
		8B09518E2C8F665400960603 /* Project object */ = {
			isa = PBXProject;
			attributes = {
				BuildIndependentTargetsInParallel = 1;
				LastSwiftUpdateCheck = 1540;
				LastUpgradeCheck = 1540;
				TargetAttributes = {
					8B0951952C8F665400960603 = {
						CreatedOnToolsVersion = 15.4;
					};
					8B0951AB2C8F665700960603 = {
						CreatedOnToolsVersion = 15.4;
						TestTargetID = 8B0951952C8F665400960603;
					};
					8B0951B52C8F665700960603 = {
						CreatedOnToolsVersion = 15.4;
						TestTargetID = 8B0951952C8F665400960603;
					};
				};
			};
			buildConfigurationList = 8B0951912C8F665400960603 /* Build configuration list for PBXProject "AppStoreResearcher" */;
			compatibilityVersion = "Xcode 14.0";
			developmentRegion = en;
			hasScannedForEncodings = 0;
			knownRegions = (
				en,
				Base,
			);
			mainGroup = 8B09518D2C8F665400960603;
			packageReferences = (
				8BBCE6D32C9655BE003A532A /* XCRemoteSwiftPackageReference "Nuke" */,
			);
			productRefGroup = 8B0951972C8F665500960603 /* Products */;
			projectDirPath = "";
			projectRoot = "";
			targets = (
				8B0951952C8F665400960603 /* AppStoreResearcher */,
				8B0951AB2C8F665700960603 /* AppStoreResearcherTests */,
				8B0951B52C8F665700960603 /* AppStoreResearcherUITests */,
			);
		};
/* End PBXProject section */

/* Begin PBXResourcesBuildPhase section */
		8B0951942C8F665400960603 /* Resources */ = {
			isa = PBXResourcesBuildPhase;
			buildActionMask = 2147483647;
			files = (
				8BF3F49C2C920D7600A69692 /* dummy_page_res-1044867788.json in Resources */,
				8BF3F49A2C920D7600A69692 /* dummy_page_res-1252208166.json in Resources */,
				8BF3F49B2C920D7600A69692 /* dummy_page_res-1528322796.json in Resources */,
				8BF3F4982C920D7600A69692 /* dummy_page_res-1194023242.json in Resources */,
				8BF3F49D2C920D7600A69692 /* dummy_page_res-6608983404.json in Resources */,
				8BF3F4992C920D7600A69692 /* dummy_page_res-1638027598.json in Resources */,
				8B0951A12C8F665700960603 /* Preview Assets.xcassets in Resources */,
				8B09519E2C8F665700960603 /* Assets.xcassets in Resources */,
			);
			runOnlyForDeploymentPostprocessing = 0;
		};
		8B0951AA2C8F665700960603 /* Resources */ = {
			isa = PBXResourcesBuildPhase;
			buildActionMask = 2147483647;
			files = (
			);
			runOnlyForDeploymentPostprocessing = 0;
		};
		8B0951B42C8F665700960603 /* Resources */ = {
			isa = PBXResourcesBuildPhase;
			buildActionMask = 2147483647;
			files = (
			);
			runOnlyForDeploymentPostprocessing = 0;
		};
/* End PBXResourcesBuildPhase section */

/* Begin PBXSourcesBuildPhase section */
		8B0951922C8F665400960603 /* Sources */ = {
			isa = PBXSourcesBuildPhase;
			buildActionMask = 2147483647;
			files = (
				8BF3F4912C920C6D00A69692 /* DummyPageRes.swift in Sources */,
				8B19D3C52C94A61200D6B031 /* DataManager.swift in Sources */,
				8B0951A32C8F665700960603 /* Persistence.swift in Sources */,
				8B19D3AE2C9348C400D6B031 /* ScreenshotModeView.swift in Sources */,
				8BBCE6E52C99D84F003A532A /* NoteMode.swift in Sources */,
				8B19D3BE2C948DFF00D6B031 /* Optional+unwrapOrEmpty.swift in Sources */,
				8B09521E2C90C53A00960603 /* String+Error.swift in Sources */,
				8BBCE6D22C965335003A532A /* RatingView.swift in Sources */,
				8BBCE6DB2C989ED5003A532A /* SpotlightPopupView.swift in Sources */,
				8B0952192C90C2B900960603 /* Helpers.swift in Sources */,
				8BBCE6DF2C98B238003A532A /* ModeTableViewWrapper.swift in Sources */,
				8B19D3AC2C9347E000D6B031 /* OverviewModeView.swift in Sources */,
				8B19D3A92C93461100D6B031 /* View+Styles.swift in Sources */,
				8B19D3B22C93490500D6B031 /* NoGroupSelectedView.swift in Sources */,
				8B09521B2C90C4DF00960603 /* JSONHelpers.swift in Sources */,
				8B0951A62C8F665700960603 /* AppStoreResearcher.xcdatamodeld in Sources */,
				8BBCE6D92C989171003A532A /* InAppPurchasesModeView.swift in Sources */,
				8BF3F49F2C920FD400A69692 /* CoreDataHelpers.swift in Sources */,
				8B19D3C32C948FF500D6B031 /* OptionalOrderedSetCountComparator.swift in Sources */,
				8BBCE6E22C99D1DB003A532A /* UserSelection.swift in Sources */,
				8B19D3BC2C948C3500D6B031 /* OptionalDateComparator.swift in Sources */,
				8B09519C2C8F665500960603 /* ContentView.swift in Sources */,
				8B19D3B42C9349A500D6B031 /* MasterNoteView.swift in Sources */,
				8B09519A2C8F665500960603 /* AppStoreResearcherApp.swift in Sources */,
				8B19D3B02C9348CF00D6B031 /* IconModeView.swift in Sources */,
				8B19D3A72C93453A00D6B031 /* ContentMode.swift in Sources */,
			);
			runOnlyForDeploymentPostprocessing = 0;
		};
		8B0951A82C8F665700960603 /* Sources */ = {
			isa = PBXSourcesBuildPhase;
			buildActionMask = 2147483647;
			files = (
				8B0951B12C8F665700960603 /* AppStoreResearcherTests.swift in Sources */,
			);
			runOnlyForDeploymentPostprocessing = 0;
		};
		8B0951B22C8F665700960603 /* Sources */ = {
			isa = PBXSourcesBuildPhase;
			buildActionMask = 2147483647;
			files = (
				8B0951BD2C8F665700960603 /* AppStoreResearcherUITestsLaunchTests.swift in Sources */,
				8B0951BB2C8F665700960603 /* AppStoreResearcherUITests.swift in Sources */,
			);
			runOnlyForDeploymentPostprocessing = 0;
		};
/* End PBXSourcesBuildPhase section */

/* Begin PBXTargetDependency section */
		8B0951AE2C8F665700960603 /* PBXTargetDependency */ = {
			isa = PBXTargetDependency;
			target = 8B0951952C8F665400960603 /* AppStoreResearcher */;
			targetProxy = 8B0951AD2C8F665700960603 /* PBXContainerItemProxy */;
		};
		8B0951B82C8F665700960603 /* PBXTargetDependency */ = {
			isa = PBXTargetDependency;
			target = 8B0951952C8F665400960603 /* AppStoreResearcher */;
			targetProxy = 8B0951B72C8F665700960603 /* PBXContainerItemProxy */;
		};
/* End PBXTargetDependency section */

/* Begin XCBuildConfiguration section */
		8B0951BE2C8F665700960603 /* Debug */ = {
			isa = XCBuildConfiguration;
			buildSettings = {
				ALWAYS_SEARCH_USER_PATHS = NO;
				ASSETCATALOG_COMPILER_GENERATE_SWIFT_ASSET_SYMBOL_EXTENSIONS = YES;
				CLANG_ANALYZER_NONNULL = YES;
				CLANG_ANALYZER_NUMBER_OBJECT_CONVERSION = YES_AGGRESSIVE;
				CLANG_CXX_LANGUAGE_STANDARD = "gnu++20";
				CLANG_ENABLE_MODULES = YES;
				CLANG_ENABLE_OBJC_ARC = YES;
				CLANG_ENABLE_OBJC_WEAK = YES;
				CLANG_WARN_BLOCK_CAPTURE_AUTORELEASING = YES;
				CLANG_WARN_BOOL_CONVERSION = YES;
				CLANG_WARN_COMMA = YES;
				CLANG_WARN_CONSTANT_CONVERSION = YES;
				CLANG_WARN_DEPRECATED_OBJC_IMPLEMENTATIONS = YES;
				CLANG_WARN_DIRECT_OBJC_ISA_USAGE = YES_ERROR;
				CLANG_WARN_DOCUMENTATION_COMMENTS = YES;
				CLANG_WARN_EMPTY_BODY = YES;
				CLANG_WARN_ENUM_CONVERSION = YES;
				CLANG_WARN_INFINITE_RECURSION = YES;
				CLANG_WARN_INT_CONVERSION = YES;
				CLANG_WARN_NON_LITERAL_NULL_CONVERSION = YES;
				CLANG_WARN_OBJC_IMPLICIT_RETAIN_SELF = YES;
				CLANG_WARN_OBJC_LITERAL_CONVERSION = YES;
				CLANG_WARN_OBJC_ROOT_CLASS = YES_ERROR;
				CLANG_WARN_QUOTED_INCLUDE_IN_FRAMEWORK_HEADER = YES;
				CLANG_WARN_RANGE_LOOP_ANALYSIS = YES;
				CLANG_WARN_STRICT_PROTOTYPES = YES;
				CLANG_WARN_SUSPICIOUS_MOVE = YES;
				CLANG_WARN_UNGUARDED_AVAILABILITY = YES_AGGRESSIVE;
				CLANG_WARN_UNREACHABLE_CODE = YES;
				CLANG_WARN__DUPLICATE_METHOD_MATCH = YES;
				COPY_PHASE_STRIP = NO;
				DEBUG_INFORMATION_FORMAT = dwarf;
				ENABLE_STRICT_OBJC_MSGSEND = YES;
				ENABLE_TESTABILITY = YES;
				ENABLE_USER_SCRIPT_SANDBOXING = YES;
				GCC_C_LANGUAGE_STANDARD = gnu17;
				GCC_DYNAMIC_NO_PIC = NO;
				GCC_NO_COMMON_BLOCKS = YES;
				GCC_OPTIMIZATION_LEVEL = 0;
				GCC_PREPROCESSOR_DEFINITIONS = (
					"DEBUG=1",
					"$(inherited)",
				);
				GCC_WARN_64_TO_32_BIT_CONVERSION = YES;
				GCC_WARN_ABOUT_RETURN_TYPE = YES_ERROR;
				GCC_WARN_UNDECLARED_SELECTOR = YES;
				GCC_WARN_UNINITIALIZED_AUTOS = YES_AGGRESSIVE;
				GCC_WARN_UNUSED_FUNCTION = YES;
				GCC_WARN_UNUSED_VARIABLE = YES;
				LOCALIZATION_PREFERS_STRING_CATALOGS = YES;
				MACOSX_DEPLOYMENT_TARGET = 14.0;
				MTL_ENABLE_DEBUG_INFO = INCLUDE_SOURCE;
				MTL_FAST_MATH = YES;
				ONLY_ACTIVE_ARCH = YES;
				SDKROOT = macosx;
				SWIFT_ACTIVE_COMPILATION_CONDITIONS = "DEBUG $(inherited)";
				SWIFT_OPTIMIZATION_LEVEL = "-Onone";
			};
			name = Debug;
		};
		8B0951BF2C8F665700960603 /* Release */ = {
			isa = XCBuildConfiguration;
			buildSettings = {
				ALWAYS_SEARCH_USER_PATHS = NO;
				ASSETCATALOG_COMPILER_GENERATE_SWIFT_ASSET_SYMBOL_EXTENSIONS = YES;
				CLANG_ANALYZER_NONNULL = YES;
				CLANG_ANALYZER_NUMBER_OBJECT_CONVERSION = YES_AGGRESSIVE;
				CLANG_CXX_LANGUAGE_STANDARD = "gnu++20";
				CLANG_ENABLE_MODULES = YES;
				CLANG_ENABLE_OBJC_ARC = YES;
				CLANG_ENABLE_OBJC_WEAK = YES;
				CLANG_WARN_BLOCK_CAPTURE_AUTORELEASING = YES;
				CLANG_WARN_BOOL_CONVERSION = YES;
				CLANG_WARN_COMMA = YES;
				CLANG_WARN_CONSTANT_CONVERSION = YES;
				CLANG_WARN_DEPRECATED_OBJC_IMPLEMENTATIONS = YES;
				CLANG_WARN_DIRECT_OBJC_ISA_USAGE = YES_ERROR;
				CLANG_WARN_DOCUMENTATION_COMMENTS = YES;
				CLANG_WARN_EMPTY_BODY = YES;
				CLANG_WARN_ENUM_CONVERSION = YES;
				CLANG_WARN_INFINITE_RECURSION = YES;
				CLANG_WARN_INT_CONVERSION = YES;
				CLANG_WARN_NON_LITERAL_NULL_CONVERSION = YES;
				CLANG_WARN_OBJC_IMPLICIT_RETAIN_SELF = YES;
				CLANG_WARN_OBJC_LITERAL_CONVERSION = YES;
				CLANG_WARN_OBJC_ROOT_CLASS = YES_ERROR;
				CLANG_WARN_QUOTED_INCLUDE_IN_FRAMEWORK_HEADER = YES;
				CLANG_WARN_RANGE_LOOP_ANALYSIS = YES;
				CLANG_WARN_STRICT_PROTOTYPES = YES;
				CLANG_WARN_SUSPICIOUS_MOVE = YES;
				CLANG_WARN_UNGUARDED_AVAILABILITY = YES_AGGRESSIVE;
				CLANG_WARN_UNREACHABLE_CODE = YES;
				CLANG_WARN__DUPLICATE_METHOD_MATCH = YES;
				COPY_PHASE_STRIP = NO;
				DEBUG_INFORMATION_FORMAT = "dwarf-with-dsym";
				ENABLE_NS_ASSERTIONS = NO;
				ENABLE_STRICT_OBJC_MSGSEND = YES;
				ENABLE_USER_SCRIPT_SANDBOXING = YES;
				GCC_C_LANGUAGE_STANDARD = gnu17;
				GCC_NO_COMMON_BLOCKS = YES;
				GCC_WARN_64_TO_32_BIT_CONVERSION = YES;
				GCC_WARN_ABOUT_RETURN_TYPE = YES_ERROR;
				GCC_WARN_UNDECLARED_SELECTOR = YES;
				GCC_WARN_UNINITIALIZED_AUTOS = YES_AGGRESSIVE;
				GCC_WARN_UNUSED_FUNCTION = YES;
				GCC_WARN_UNUSED_VARIABLE = YES;
				LOCALIZATION_PREFERS_STRING_CATALOGS = YES;
				MACOSX_DEPLOYMENT_TARGET = 14.0;
				MTL_ENABLE_DEBUG_INFO = NO;
				MTL_FAST_MATH = YES;
				SDKROOT = macosx;
				SWIFT_COMPILATION_MODE = wholemodule;
			};
			name = Release;
		};
		8B0951C12C8F665700960603 /* Debug */ = {
			isa = XCBuildConfiguration;
			buildSettings = {
				ASSETCATALOG_COMPILER_APPICON_NAME = AppIcon;
				ASSETCATALOG_COMPILER_GLOBAL_ACCENT_COLOR_NAME = AccentColor;
				CODE_SIGN_ENTITLEMENTS = AppStoreResearcher/AppStoreResearcher.entitlements;
				CODE_SIGN_STYLE = Automatic;
				COMBINE_HIDPI_IMAGES = YES;
				CURRENT_PROJECT_VERSION = 1;
				DEVELOPMENT_ASSET_PATHS = "\"AppStoreResearcher/Preview Content\"";
				DEVELOPMENT_TEAM = 456G72PT96;
				ENABLE_HARDENED_RUNTIME = YES;
				ENABLE_PREVIEWS = YES;
				GENERATE_INFOPLIST_FILE = YES;
				INFOPLIST_KEY_NSHumanReadableCopyright = "";
				LD_RUNPATH_SEARCH_PATHS = (
					"$(inherited)",
					"@executable_path/../Frameworks",
				);
				MARKETING_VERSION = 1.0;
				PRODUCT_BUNDLE_IDENTIFIER = com.fbdco.AppStoreResearcher;
				PRODUCT_NAME = "$(TARGET_NAME)";
				SWIFT_EMIT_LOC_STRINGS = YES;
				SWIFT_VERSION = 5.0;
			};
			name = Debug;
		};
		8B0951C22C8F665700960603 /* Release */ = {
			isa = XCBuildConfiguration;
			buildSettings = {
				ASSETCATALOG_COMPILER_APPICON_NAME = AppIcon;
				ASSETCATALOG_COMPILER_GLOBAL_ACCENT_COLOR_NAME = AccentColor;
				CODE_SIGN_ENTITLEMENTS = AppStoreResearcher/AppStoreResearcher.entitlements;
				CODE_SIGN_STYLE = Automatic;
				COMBINE_HIDPI_IMAGES = YES;
				CURRENT_PROJECT_VERSION = 1;
				DEVELOPMENT_ASSET_PATHS = "\"AppStoreResearcher/Preview Content\"";
				DEVELOPMENT_TEAM = 456G72PT96;
				ENABLE_HARDENED_RUNTIME = YES;
				ENABLE_PREVIEWS = YES;
				GENERATE_INFOPLIST_FILE = YES;
				INFOPLIST_KEY_NSHumanReadableCopyright = "";
				LD_RUNPATH_SEARCH_PATHS = (
					"$(inherited)",
					"@executable_path/../Frameworks",
				);
				MARKETING_VERSION = 1.0;
				PRODUCT_BUNDLE_IDENTIFIER = com.fbdco.AppStoreResearcher;
				PRODUCT_NAME = "$(TARGET_NAME)";
				SWIFT_EMIT_LOC_STRINGS = YES;
				SWIFT_VERSION = 5.0;
			};
			name = Release;
		};
		8B0951C42C8F665700960603 /* Debug */ = {
			isa = XCBuildConfiguration;
			buildSettings = {
				ALWAYS_EMBED_SWIFT_STANDARD_LIBRARIES = YES;
				BUNDLE_LOADER = "$(TEST_HOST)";
				CODE_SIGN_STYLE = Automatic;
				CURRENT_PROJECT_VERSION = 1;
				DEVELOPMENT_TEAM = 456G72PT96;
				GENERATE_INFOPLIST_FILE = YES;
				MACOSX_DEPLOYMENT_TARGET = 14.2;
				MARKETING_VERSION = 1.0;
				PRODUCT_BUNDLE_IDENTIFIER = com.fbdco.AppStoreResearcherTests;
				PRODUCT_NAME = "$(TARGET_NAME)";
				SWIFT_EMIT_LOC_STRINGS = NO;
				SWIFT_VERSION = 5.0;
				TEST_HOST = "$(BUILT_PRODUCTS_DIR)/AppStoreResearcher.app/$(BUNDLE_EXECUTABLE_FOLDER_PATH)/AppStoreResearcher";
			};
			name = Debug;
		};
		8B0951C52C8F665700960603 /* Release */ = {
			isa = XCBuildConfiguration;
			buildSettings = {
				ALWAYS_EMBED_SWIFT_STANDARD_LIBRARIES = YES;
				BUNDLE_LOADER = "$(TEST_HOST)";
				CODE_SIGN_STYLE = Automatic;
				CURRENT_PROJECT_VERSION = 1;
				DEVELOPMENT_TEAM = 456G72PT96;
				GENERATE_INFOPLIST_FILE = YES;
				MACOSX_DEPLOYMENT_TARGET = 14.2;
				MARKETING_VERSION = 1.0;
				PRODUCT_BUNDLE_IDENTIFIER = com.fbdco.AppStoreResearcherTests;
				PRODUCT_NAME = "$(TARGET_NAME)";
				SWIFT_EMIT_LOC_STRINGS = NO;
				SWIFT_VERSION = 5.0;
				TEST_HOST = "$(BUILT_PRODUCTS_DIR)/AppStoreResearcher.app/$(BUNDLE_EXECUTABLE_FOLDER_PATH)/AppStoreResearcher";
			};
			name = Release;
		};
		8B0951C72C8F665700960603 /* Debug */ = {
			isa = XCBuildConfiguration;
			buildSettings = {
				ALWAYS_EMBED_SWIFT_STANDARD_LIBRARIES = YES;
				CODE_SIGN_STYLE = Automatic;
				CURRENT_PROJECT_VERSION = 1;
				DEVELOPMENT_TEAM = 456G72PT96;
				GENERATE_INFOPLIST_FILE = YES;
				MARKETING_VERSION = 1.0;
				PRODUCT_BUNDLE_IDENTIFIER = com.fbdco.AppStoreResearcherUITests;
				PRODUCT_NAME = "$(TARGET_NAME)";
				SWIFT_EMIT_LOC_STRINGS = NO;
				SWIFT_VERSION = 5.0;
				TEST_TARGET_NAME = AppStoreResearcher;
			};
			name = Debug;
		};
		8B0951C82C8F665700960603 /* Release */ = {
			isa = XCBuildConfiguration;
			buildSettings = {
				ALWAYS_EMBED_SWIFT_STANDARD_LIBRARIES = YES;
				CODE_SIGN_STYLE = Automatic;
				CURRENT_PROJECT_VERSION = 1;
				DEVELOPMENT_TEAM = 456G72PT96;
				GENERATE_INFOPLIST_FILE = YES;
				MARKETING_VERSION = 1.0;
				PRODUCT_BUNDLE_IDENTIFIER = com.fbdco.AppStoreResearcherUITests;
				PRODUCT_NAME = "$(TARGET_NAME)";
				SWIFT_EMIT_LOC_STRINGS = NO;
				SWIFT_VERSION = 5.0;
				TEST_TARGET_NAME = AppStoreResearcher;
			};
			name = Release;
		};
/* End XCBuildConfiguration section */

/* Begin XCConfigurationList section */
		8B0951912C8F665400960603 /* Build configuration list for PBXProject "AppStoreResearcher" */ = {
			isa = XCConfigurationList;
			buildConfigurations = (
				8B0951BE2C8F665700960603 /* Debug */,
				8B0951BF2C8F665700960603 /* Release */,
			);
			defaultConfigurationIsVisible = 0;
			defaultConfigurationName = Release;
		};
		8B0951C02C8F665700960603 /* Build configuration list for PBXNativeTarget "AppStoreResearcher" */ = {
			isa = XCConfigurationList;
			buildConfigurations = (
				8B0951C12C8F665700960603 /* Debug */,
				8B0951C22C8F665700960603 /* Release */,
			);
			defaultConfigurationIsVisible = 0;
			defaultConfigurationName = Release;
		};
		8B0951C32C8F665700960603 /* Build configuration list for PBXNativeTarget "AppStoreResearcherTests" */ = {
			isa = XCConfigurationList;
			buildConfigurations = (
				8B0951C42C8F665700960603 /* Debug */,
				8B0951C52C8F665700960603 /* Release */,
			);
			defaultConfigurationIsVisible = 0;
			defaultConfigurationName = Release;
		};
		8B0951C62C8F665700960603 /* Build configuration list for PBXNativeTarget "AppStoreResearcherUITests" */ = {
			isa = XCConfigurationList;
			buildConfigurations = (
				8B0951C72C8F665700960603 /* Debug */,
				8B0951C82C8F665700960603 /* Release */,
			);
			defaultConfigurationIsVisible = 0;
			defaultConfigurationName = Release;
		};
/* End XCConfigurationList section */

/* Begin XCRemoteSwiftPackageReference section */
		8BBCE6D32C9655BE003A532A /* XCRemoteSwiftPackageReference "Nuke" */ = {
			isa = XCRemoteSwiftPackageReference;
			repositoryURL = "https://github.com/kean/Nuke";
			requirement = {
				kind = upToNextMajorVersion;
				minimumVersion = 12.8.0;
			};
		};
/* End XCRemoteSwiftPackageReference section */

/* Begin XCSwiftPackageProductDependency section */
		8BBCE6D42C9655BE003A532A /* NukeUI */ = {
			isa = XCSwiftPackageProductDependency;
			package = 8BBCE6D32C9655BE003A532A /* XCRemoteSwiftPackageReference "Nuke" */;
			productName = NukeUI;
		};
/* End XCSwiftPackageProductDependency section */

/* Begin XCVersionGroup section */
		8B0951A42C8F665700960603 /* AppStoreResearcher.xcdatamodeld */ = {
			isa = XCVersionGroup;
			children = (
				8B0951A52C8F665700960603 /* AppStoreResearcher.xcdatamodel */,
			);
			currentVersion = 8B0951A52C8F665700960603 /* AppStoreResearcher.xcdatamodel */;
			path = AppStoreResearcher.xcdatamodeld;
			sourceTree = "<group>";
			versionGroupType = wrapper.xcdatamodel;
		};
/* End XCVersionGroup section */
	};
	rootObject = 8B09518E2C8F665400960603 /* Project object */;
}
